
Microsoft Visual Studio Solution File, Format Version 12.00
# Visual Studio Version 17
VisualStudioVersion = 17.10.35122.118
MinimumVisualStudioVersion = 10.0.40219.1
Project("{FAE04EC0-301F-11D3-BF4B-00C04F79EFBC}") = "smallurl", "smallurl.csproj", "{2F9F0889-365B-4CCE-952D-AC4FC14E3AAD}"
EndProject
Global
	GlobalSection(SolutionConfigurationPlatforms) = preSolution
		Debug|Any CPU = Debug|Any CPU
		Release|Any CPU = Release|Any CPU
	EndGlobalSection
	GlobalSection(ProjectConfigurationPlatforms) = postSolution
		{2F9F0889-365B-4CCE-952D-AC4FC14E3AAD}.Debug|Any CPU.ActiveCfg = Debug|Any CPU
		{2F9F0889-365B-4CCE-952D-AC4FC14E3AAD}.Debug|Any CPU.Build.0 = Debug|Any CPU
		{2F9F0889-365B-4CCE-952D-AC4FC14E3AAD}.Release|Any CPU.ActiveCfg = Release|Any CPU
		{2F9F0889-365B-4CCE-952D-AC4FC14E3AAD}.Release|Any CPU.Build.0 = Release|Any CPU
	EndGlobalSection
	GlobalSection(SolutionProperties) = preSolution
		HideSolutionNode = FALSE
	EndGlobalSection
	GlobalSection(ExtensibilityGlobals) = postSolution
		SolutionGuid = {A3454A15-A34C-4147-935B-A00C4EB7D4E8}
	EndGlobalSection
EndGlobal
